
Microsoft Visual Studio Solution File, Format Version 12.00
# Visual Studio Version 16
VisualStudioVersion = 25.0.1706.6
MinimumVisualStudioVersion = 10.0.40219.1
Project("{FAE04EC0-301F-11D3-BF4B-00C04F79EFBC}") = "Floricultura", "Floricultura.csproj", "{2176F868-DAD4-406E-A37A-7C3681F1042B}"
EndProject
Global
	GlobalSection(SolutionConfigurationPlatforms) = preSolution
		Debug|Any CPU = Debug|Any CPU
		Release|Any CPU = Release|Any CPU
	EndGlobalSection
	GlobalSection(ProjectConfigurationPlatforms) = postSolution
		{2176F868-DAD4-406E-A37A-7C3681F1042B}.Debug|Any CPU.ActiveCfg = Debug|Any CPU
		{2176F868-DAD4-406E-A37A-7C3681F1042B}.Debug|Any CPU.Build.0 = Debug|Any CPU
		{2176F868-DAD4-406E-A37A-7C3681F1042B}.Release|Any CPU.ActiveCfg = Release|Any CPU
		{2176F868-DAD4-406E-A37A-7C3681F1042B}.Release|Any CPU.Build.0 = Release|Any CPU
	EndGlobalSection
	GlobalSection(SolutionProperties) = preSolution
		HideSolutionNode = FALSE
	EndGlobalSection
	GlobalSection(ExtensibilityGlobals) = postSolution
		SolutionGuid = {7E518CA4-046C-4BD6-86EA-DB13D02DB5E9}
	EndGlobalSection
EndGlobal
